// !$*UTF8*$!
{
	archiveVersion = 1;
	classes = {
	};
	objectVersion = 55;
	objects = {

/* Begin PBXBuildFile section */
		72271FAA281C5A8400B39463 /* Sun.swift in Sources */ = {isa = PBXBuildFile; fileRef = 72271FA9281C5A8400B39463 /* Sun.swift */; };
		7228F7F0281AEBDD007ECC4A /* AppDelegate.swift in Sources */ = {isa = PBXBuildFile; fileRef = 7228F7EF281AEBDD007ECC4A /* AppDelegate.swift */; };
		7228F7F2281AEBDD007ECC4A /* SceneDelegate.swift in Sources */ = {isa = PBXBuildFile; fileRef = 7228F7F1281AEBDD007ECC4A /* SceneDelegate.swift */; };
		7228F7F4281AEBDD007ECC4A /* ViewController.swift in Sources */ = {isa = PBXBuildFile; fileRef = 7228F7F3281AEBDD007ECC4A /* ViewController.swift */; };
		7228F7F7281AEBDD007ECC4A /* Main.storyboard in Resources */ = {isa = PBXBuildFile; fileRef = 7228F7F5281AEBDD007ECC4A /* Main.storyboard */; };
		7228F7F9281AEBDF007ECC4A /* Assets.xcassets in Resources */ = {isa = PBXBuildFile; fileRef = 7228F7F8281AEBDF007ECC4A /* Assets.xcassets */; };
		7228F7FC281AEBDF007ECC4A /* LaunchScreen.storyboard in Resources */ = {isa = PBXBuildFile; fileRef = 7228F7FA281AEBDF007ECC4A /* LaunchScreen.storyboard */; };
		7228F804281C1F40007ECC4A /* SunViewController.swift in Sources */ = {isa = PBXBuildFile; fileRef = 7228F803281C1F40007ECC4A /* SunViewController.swift */; };
		7256E877282964EE00F9D116 /* Moon.swift in Sources */ = {isa = PBXBuildFile; fileRef = 7256E876282964EE00F9D116 /* Moon.swift */; };
		72D79C5A28270FF500ED4DCE /* PlanetTableViewCell.swift in Sources */ = {isa = PBXBuildFile; fileRef = 72D79C5928270FF500ED4DCE /* PlanetTableViewCell.swift */; };
		72D79C5C282711C800ED4DCE /* PlanetTableViewController.swift in Sources */ = {isa = PBXBuildFile; fileRef = 72D79C5B282711C800ED4DCE /* PlanetTableViewController.swift */; };
		72D79C5E2827129600ED4DCE /* Planet.swift in Sources */ = {isa = PBXBuildFile; fileRef = 72D79C5D2827129600ED4DCE /* Planet.swift */; };
		72D79C602827150600ED4DCE /* Constants.swift in Sources */ = {isa = PBXBuildFile; fileRef = 72D79C5F2827150600ED4DCE /* Constants.swift */; };
		72E657BD282846DE00F022E5 /* DetailViewController.swift in Sources */ = {isa = PBXBuildFile; fileRef = 72E657BC282846DE00F022E5 /* DetailViewController.swift */; };
		72E985FE2828BEAC00AF1FA7 /* Quote.swift in Sources */ = {isa = PBXBuildFile; fileRef = 72E985FD2828BEAC00AF1FA7 /* Quote.swift */; };
/* End PBXBuildFile section */

/* Begin PBXFileReference section */
		72271FA9281C5A8400B39463 /* Sun.swift */ = {isa = PBXFileReference; lastKnownFileType = sourcecode.swift; path = Sun.swift; sourceTree = "<group>"; };
		72271FAB281D861700B39463 /* README1.md */ = {isa = PBXFileReference; lastKnownFileType = net.daringfireball.markdown; path = README1.md; sourceTree = "<group>"; };
		7228F7EC281AEBDD007ECC4A /* SolarSystem.app */ = {isa = PBXFileReference; explicitFileType = wrapper.application; includeInIndex = 0; path = SolarSystem.app; sourceTree = BUILT_PRODUCTS_DIR; };
		7228F7EF281AEBDD007ECC4A /* AppDelegate.swift */ = {isa = PBXFileReference; lastKnownFileType = sourcecode.swift; path = AppDelegate.swift; sourceTree = "<group>"; };
		7228F7F1281AEBDD007ECC4A /* SceneDelegate.swift */ = {isa = PBXFileReference; lastKnownFileType = sourcecode.swift; path = SceneDelegate.swift; sourceTree = "<group>"; };
		7228F7F3281AEBDD007ECC4A /* ViewController.swift */ = {isa = PBXFileReference; lastKnownFileType = sourcecode.swift; path = ViewController.swift; sourceTree = "<group>"; };
		7228F7F6281AEBDD007ECC4A /* Base */ = {isa = PBXFileReference; lastKnownFileType = file.storyboard; name = Base; path = Base.lproj/Main.storyboard; sourceTree = "<group>"; };
		7228F7F8281AEBDF007ECC4A /* Assets.xcassets */ = {isa = PBXFileReference; lastKnownFileType = folder.assetcatalog; path = Assets.xcassets; sourceTree = "<group>"; };
		7228F7FB281AEBDF007ECC4A /* Base */ = {isa = PBXFileReference; lastKnownFileType = file.storyboard; name = Base; path = Base.lproj/LaunchScreen.storyboard; sourceTree = "<group>"; };
		7228F7FD281AEBDF007ECC4A /* Info.plist */ = {isa = PBXFileReference; lastKnownFileType = text.plist.xml; path = Info.plist; sourceTree = "<group>"; };
		7228F803281C1F40007ECC4A /* SunViewController.swift */ = {isa = PBXFileReference; lastKnownFileType = sourcecode.swift; path = SunViewController.swift; sourceTree = "<group>"; };
		7256E876282964EE00F9D116 /* Moon.swift */ = {isa = PBXFileReference; lastKnownFileType = sourcecode.swift; path = Moon.swift; sourceTree = "<group>"; };
		72688F6928245D1900F7C045 /* README4.md */ = {isa = PBXFileReference; lastKnownFileType = net.daringfireball.markdown; path = README4.md; sourceTree = "<group>"; };
		72A52D272824368C00990E7D /* README3.md */ = {isa = PBXFileReference; lastKnownFileType = net.daringfireball.markdown; path = README3.md; sourceTree = "<group>"; };
		72A7C373282036A400408EB6 /* README2.md */ = {isa = PBXFileReference; lastKnownFileType = net.daringfireball.markdown; path = README2.md; sourceTree = "<group>"; };
		72D79C58282707D500ED4DCE /* README5A.md */ = {isa = PBXFileReference; lastKnownFileType = net.daringfireball.markdown; path = README5A.md; sourceTree = "<group>"; };
		72D79C5928270FF500ED4DCE /* PlanetTableViewCell.swift */ = {isa = PBXFileReference; lastKnownFileType = sourcecode.swift; path = PlanetTableViewCell.swift; sourceTree = "<group>"; };
		72D79C5B282711C800ED4DCE /* PlanetTableViewController.swift */ = {isa = PBXFileReference; lastKnownFileType = sourcecode.swift; path = PlanetTableViewController.swift; sourceTree = "<group>"; };
		72D79C5D2827129600ED4DCE /* Planet.swift */ = {isa = PBXFileReference; lastKnownFileType = sourcecode.swift; path = Planet.swift; sourceTree = "<group>"; };
		72D79C5F2827150600ED4DCE /* Constants.swift */ = {isa = PBXFileReference; lastKnownFileType = sourcecode.swift; path = Constants.swift; sourceTree = "<group>"; };
		72E657BB2828136400F022E5 /* README5B.md */ = {isa = PBXFileReference; lastKnownFileType = net.daringfireball.markdown; path = README5B.md; sourceTree = "<group>"; };
		72E657BC282846DE00F022E5 /* DetailViewController.swift */ = {isa = PBXFileReference; lastKnownFileType = sourcecode.swift; path = DetailViewController.swift; sourceTree = "<group>"; };
		72E985FD2828BEAC00AF1FA7 /* Quote.swift */ = {isa = PBXFileReference; lastKnownFileType = sourcecode.swift; path = Quote.swift; sourceTree = "<group>"; };
		72E986012828C04B00AF1FA7 /* README6.md */ = {isa = PBXFileReference; lastKnownFileType = net.daringfireball.markdown; path = README6.md; sourceTree = "<group>"; };
/* End PBXFileReference section */

/* Begin PBXFrameworksBuildPhase section */
		7228F7E9281AEBDD007ECC4A /* Frameworks */ = {
			isa = PBXFrameworksBuildPhase;
			buildActionMask = 2147483647;
			files = (
			);
			runOnlyForDeploymentPostprocessing = 0;
		};
/* End PBXFrameworksBuildPhase section */

/* Begin PBXGroup section */
		7228F7E3281AEBDD007ECC4A = {
			isa = PBXGroup;
			children = (
				72271FAB281D861700B39463 /* README1.md */,
				72A7C373282036A400408EB6 /* README2.md */,
				72A52D272824368C00990E7D /* README3.md */,
				72688F6928245D1900F7C045 /* README4.md */,
				72D79C58282707D500ED4DCE /* README5A.md */,
				72E657BB2828136400F022E5 /* README5B.md */,
				72E986012828C04B00AF1FA7 /* README6.md */,
				7228F7EE281AEBDD007ECC4A /* SolarSystem */,
				7228F7ED281AEBDD007ECC4A /* Products */,
			);
			sourceTree = "<group>";
		};
		7228F7ED281AEBDD007ECC4A /* Products */ = {
			isa = PBXGroup;
			children = (
				7228F7EC281AEBDD007ECC4A /* SolarSystem.app */,
			);
			name = Products;
			sourceTree = "<group>";
		};
		7228F7EE281AEBDD007ECC4A /* SolarSystem */ = {
			isa = PBXGroup;
			children = (
				7228F7EF281AEBDD007ECC4A /* AppDelegate.swift */,
				7228F7F1281AEBDD007ECC4A /* SceneDelegate.swift */,
				72E657B928272DEB00F022E5 /* Views */,
				72E657BA28272EB800F022E5 /* Controllers */,
				72E657B828272DCB00F022E5 /* Model */,
				72D79C5F2827150600ED4DCE /* Constants.swift */,
				7228F7F8281AEBDF007ECC4A /* Assets.xcassets */,
				7228F7FA281AEBDF007ECC4A /* LaunchScreen.storyboard */,
				7228F7FD281AEBDF007ECC4A /* Info.plist */,
			);
			path = SolarSystem;
			sourceTree = "<group>";
		};
		72E657B828272DCB00F022E5 /* Model */ = {
			isa = PBXGroup;
			children = (
				72271FA9281C5A8400B39463 /* Sun.swift */,
				7256E876282964EE00F9D116 /* Moon.swift */,
				72D79C5D2827129600ED4DCE /* Planet.swift */,
				72E985FD2828BEAC00AF1FA7 /* Quote.swift */,
			);
			path = Model;
			sourceTree = "<group>";
		};
		72E657B928272DEB00F022E5 /* Views */ = {
			isa = PBXGroup;
			children = (
				7228F7F5281AEBDD007ECC4A /* Main.storyboard */,
				72D79C5928270FF500ED4DCE /* PlanetTableViewCell.swift */,
			);
			path = Views;
			sourceTree = "<group>";
		};
		72E657BA28272EB800F022E5 /* Controllers */ = {
			isa = PBXGroup;
			children = (
				7228F7F3281AEBDD007ECC4A /* ViewController.swift */,
				7228F803281C1F40007ECC4A /* SunViewController.swift */,
				72D79C5B282711C800ED4DCE /* PlanetTableViewController.swift */,
				72E657BC282846DE00F022E5 /* DetailViewController.swift */,
			);
			path = Controllers;
			sourceTree = "<group>";
		};
/* End PBXGroup section */

/* Begin PBXNativeTarget section */
		7228F7EB281AEBDD007ECC4A /* SolarSystem */ = {
			isa = PBXNativeTarget;
			buildConfigurationList = 7228F800281AEBDF007ECC4A /* Build configuration list for PBXNativeTarget "SolarSystem" */;
			buildPhases = (
				7228F7E8281AEBDD007ECC4A /* Sources */,
				7228F7E9281AEBDD007ECC4A /* Frameworks */,
				7228F7EA281AEBDD007ECC4A /* Resources */,
			);
			buildRules = (
			);
			dependencies = (
			);
			name = SolarSystem;
			productName = SolarSystem;
			productReference = 7228F7EC281AEBDD007ECC4A /* SolarSystem.app */;
			productType = "com.apple.product-type.application";
		};
/* End PBXNativeTarget section */

/* Begin PBXProject section */
		7228F7E4281AEBDD007ECC4A /* Project object */ = {
			isa = PBXProject;
			attributes = {
				BuildIndependentTargetsInParallel = 1;
				LastSwiftUpdateCheck = 1330;
				LastUpgradeCheck = 1330;
				TargetAttributes = {
					7228F7EB281AEBDD007ECC4A = {
						CreatedOnToolsVersion = 13.3.1;
					};
				};
			};
			buildConfigurationList = 7228F7E7281AEBDD007ECC4A /* Build configuration list for PBXProject "SolarSystem" */;
			compatibilityVersion = "Xcode 13.0";
			developmentRegion = en;
			hasScannedForEncodings = 0;
			knownRegions = (
				en,
				Base,
			);
			mainGroup = 7228F7E3281AEBDD007ECC4A;
			productRefGroup = 7228F7ED281AEBDD007ECC4A /* Products */;
			projectDirPath = "";
			projectRoot = "";
			targets = (
				7228F7EB281AEBDD007ECC4A /* SolarSystem */,
			);
		};
/* End PBXProject section */

/* Begin PBXResourcesBuildPhase section */
		7228F7EA281AEBDD007ECC4A /* Resources */ = {
			isa = PBXResourcesBuildPhase;
			buildActionMask = 2147483647;
			files = (
				7228F7FC281AEBDF007ECC4A /* LaunchScreen.storyboard in Resources */,
				7228F7F9281AEBDF007ECC4A /* Assets.xcassets in Resources */,
				7228F7F7281AEBDD007ECC4A /* Main.storyboard in Resources */,
			);
			runOnlyForDeploymentPostprocessing = 0;
		};
/* End PBXResourcesBuildPhase section */

/* Begin PBXSourcesBuildPhase section */
		7228F7E8281AEBDD007ECC4A /* Sources */ = {
			isa = PBXSourcesBuildPhase;
			buildActionMask = 2147483647;
			files = (
				72271FAA281C5A8400B39463 /* Sun.swift in Sources */,
				7228F804281C1F40007ECC4A /* SunViewController.swift in Sources */,
				7228F7F4281AEBDD007ECC4A /* ViewController.swift in Sources */,
				72D79C5E2827129600ED4DCE /* Planet.swift in Sources */,
				7228F7F0281AEBDD007ECC4A /* AppDelegate.swift in Sources */,
				72D79C5C282711C800ED4DCE /* PlanetTableViewController.swift in Sources */,
				7228F7F2281AEBDD007ECC4A /* SceneDelegate.swift in Sources */,
				72E657BD282846DE00F022E5 /* DetailViewController.swift in Sources */,
				72D79C5A28270FF500ED4DCE /* PlanetTableViewCell.swift in Sources */,
				72D79C602827150600ED4DCE /* Constants.swift in Sources */,
				7256E877282964EE00F9D116 /* Moon.swift in Sources */,
				72E985FE2828BEAC00AF1FA7 /* Quote.swift in Sources */,
			);
			runOnlyForDeploymentPostprocessing = 0;
		};
/* End PBXSourcesBuildPhase section */

/* Begin PBXVariantGroup section */
		7228F7F5281AEBDD007ECC4A /* Main.storyboard */ = {
			isa = PBXVariantGroup;
			children = (
				7228F7F6281AEBDD007ECC4A /* Base */,
			);
			name = Main.storyboard;
			sourceTree = "<group>";
		};
		7228F7FA281AEBDF007ECC4A /* LaunchScreen.storyboard */ = {
			isa = PBXVariantGroup;
			children = (
				7228F7FB281AEBDF007ECC4A /* Base */,
			);
			name = LaunchScreen.storyboard;
			sourceTree = "<group>";
		};
/* End PBXVariantGroup section */

/* Begin XCBuildConfiguration section */
		7228F7FE281AEBDF007ECC4A /* Debug */ = {
			isa = XCBuildConfiguration;
			buildSettings = {
				ALWAYS_SEARCH_USER_PATHS = NO;
				CLANG_ANALYZER_NONNULL = YES;
				CLANG_ANALYZER_NUMBER_OBJECT_CONVERSION = YES_AGGRESSIVE;
				CLANG_CXX_LANGUAGE_STANDARD = "gnu++17";
				CLANG_ENABLE_MODULES = YES;
				CLANG_ENABLE_OBJC_ARC = YES;
				CLANG_ENABLE_OBJC_WEAK = YES;
				CLANG_WARN_BLOCK_CAPTURE_AUTORELEASING = YES;
				CLANG_WARN_BOOL_CONVERSION = YES;
				CLANG_WARN_COMMA = YES;
				CLANG_WARN_CONSTANT_CONVERSION = YES;
				CLANG_WARN_DEPRECATED_OBJC_IMPLEMENTATIONS = YES;
				CLANG_WARN_DIRECT_OBJC_ISA_USAGE = YES_ERROR;
				CLANG_WARN_DOCUMENTATION_COMMENTS = YES;
				CLANG_WARN_EMPTY_BODY = YES;
				CLANG_WARN_ENUM_CONVERSION = YES;
				CLANG_WARN_INFINITE_RECURSION = YES;
				CLANG_WARN_INT_CONVERSION = YES;
				CLANG_WARN_NON_LITERAL_NULL_CONVERSION = YES;
				CLANG_WARN_OBJC_IMPLICIT_RETAIN_SELF = YES;
				CLANG_WARN_OBJC_LITERAL_CONVERSION = YES;
				CLANG_WARN_OBJC_ROOT_CLASS = YES_ERROR;
				CLANG_WARN_QUOTED_INCLUDE_IN_FRAMEWORK_HEADER = YES;
				CLANG_WARN_RANGE_LOOP_ANALYSIS = YES;
				CLANG_WARN_STRICT_PROTOTYPES = YES;
				CLANG_WARN_SUSPICIOUS_MOVE = YES;
				CLANG_WARN_UNGUARDED_AVAILABILITY = YES_AGGRESSIVE;
				CLANG_WARN_UNREACHABLE_CODE = YES;
				CLANG_WARN__DUPLICATE_METHOD_MATCH = YES;
				COPY_PHASE_STRIP = NO;
				DEBUG_INFORMATION_FORMAT = dwarf;
				ENABLE_STRICT_OBJC_MSGSEND = YES;
				ENABLE_TESTABILITY = YES;
				GCC_C_LANGUAGE_STANDARD = gnu11;
				GCC_DYNAMIC_NO_PIC = NO;
				GCC_NO_COMMON_BLOCKS = YES;
				GCC_OPTIMIZATION_LEVEL = 0;
				GCC_PREPROCESSOR_DEFINITIONS = (
					"DEBUG=1",
					"$(inherited)",
				);
				GCC_WARN_64_TO_32_BIT_CONVERSION = YES;
				GCC_WARN_ABOUT_RETURN_TYPE = YES_ERROR;
				GCC_WARN_UNDECLARED_SELECTOR = YES;
				GCC_WARN_UNINITIALIZED_AUTOS = YES_AGGRESSIVE;
				GCC_WARN_UNUSED_FUNCTION = YES;
				GCC_WARN_UNUSED_VARIABLE = YES;
				IPHONEOS_DEPLOYMENT_TARGET = 15.4;
				MTL_ENABLE_DEBUG_INFO = INCLUDE_SOURCE;
				MTL_FAST_MATH = YES;
				ONLY_ACTIVE_ARCH = YES;
				SDKROOT = iphoneos;
				SWIFT_ACTIVE_COMPILATION_CONDITIONS = DEBUG;
				SWIFT_OPTIMIZATION_LEVEL = "-Onone";
			};
			name = Debug;
		};
		7228F7FF281AEBDF007ECC4A /* Release */ = {
			isa = XCBuildConfiguration;
			buildSettings = {
				ALWAYS_SEARCH_USER_PATHS = NO;
				CLANG_ANALYZER_NONNULL = YES;
				CLANG_ANALYZER_NUMBER_OBJECT_CONVERSION = YES_AGGRESSIVE;
				CLANG_CXX_LANGUAGE_STANDARD = "gnu++17";
				CLANG_ENABLE_MODULES = YES;
				CLANG_ENABLE_OBJC_ARC = YES;
				CLANG_ENABLE_OBJC_WEAK = YES;
				CLANG_WARN_BLOCK_CAPTURE_AUTORELEASING = YES;
				CLANG_WARN_BOOL_CONVERSION = YES;
				CLANG_WARN_COMMA = YES;
				CLANG_WARN_CONSTANT_CONVERSION = YES;
				CLANG_WARN_DEPRECATED_OBJC_IMPLEMENTATIONS = YES;
				CLANG_WARN_DIRECT_OBJC_ISA_USAGE = YES_ERROR;
				CLANG_WARN_DOCUMENTATION_COMMENTS = YES;
				CLANG_WARN_EMPTY_BODY = YES;
				CLANG_WARN_ENUM_CONVERSION = YES;
				CLANG_WARN_INFINITE_RECURSION = YES;
				CLANG_WARN_INT_CONVERSION = YES;
				CLANG_WARN_NON_LITERAL_NULL_CONVERSION = YES;
				CLANG_WARN_OBJC_IMPLICIT_RETAIN_SELF = YES;
				CLANG_WARN_OBJC_LITERAL_CONVERSION = YES;
				CLANG_WARN_OBJC_ROOT_CLASS = YES_ERROR;
				CLANG_WARN_QUOTED_INCLUDE_IN_FRAMEWORK_HEADER = YES;
				CLANG_WARN_RANGE_LOOP_ANALYSIS = YES;
				CLANG_WARN_STRICT_PROTOTYPES = YES;
				CLANG_WARN_SUSPICIOUS_MOVE = YES;
				CLANG_WARN_UNGUARDED_AVAILABILITY = YES_AGGRESSIVE;
				CLANG_WARN_UNREACHABLE_CODE = YES;
				CLANG_WARN__DUPLICATE_METHOD_MATCH = YES;
				COPY_PHASE_STRIP = NO;
				DEBUG_INFORMATION_FORMAT = "dwarf-with-dsym";
				ENABLE_NS_ASSERTIONS = NO;
				ENABLE_STRICT_OBJC_MSGSEND = YES;
				GCC_C_LANGUAGE_STANDARD = gnu11;
				GCC_NO_COMMON_BLOCKS = YES;
				GCC_WARN_64_TO_32_BIT_CONVERSION = YES;
				GCC_WARN_ABOUT_RETURN_TYPE = YES_ERROR;
				GCC_WARN_UNDECLARED_SELECTOR = YES;
				GCC_WARN_UNINITIALIZED_AUTOS = YES_AGGRESSIVE;
				GCC_WARN_UNUSED_FUNCTION = YES;
				GCC_WARN_UNUSED_VARIABLE = YES;
				IPHONEOS_DEPLOYMENT_TARGET = 15.4;
				MTL_ENABLE_DEBUG_INFO = NO;
				MTL_FAST_MATH = YES;
				SDKROOT = iphoneos;
				SWIFT_COMPILATION_MODE = wholemodule;
				SWIFT_OPTIMIZATION_LEVEL = "-O";
				VALIDATE_PRODUCT = YES;
			};
			name = Release;
		};
		7228F801281AEBDF007ECC4A /* Debug */ = {
			isa = XCBuildConfiguration;
			buildSettings = {
				ASSETCATALOG_COMPILER_APPICON_NAME = AppIcon;
				ASSETCATALOG_COMPILER_GLOBAL_ACCENT_COLOR_NAME = AccentColor;
				CODE_SIGN_STYLE = Automatic;
				CURRENT_PROJECT_VERSION = 1;
				DEVELOPMENT_TEAM = 7VYP542ZRX;
				GENERATE_INFOPLIST_FILE = YES;
				INFOPLIST_FILE = SolarSystem/Info.plist;
				INFOPLIST_KEY_UIApplicationSupportsIndirectInputEvents = YES;
				INFOPLIST_KEY_UILaunchStoryboardName = LaunchScreen;
				INFOPLIST_KEY_UIMainStoryboardFile = Main;
				INFOPLIST_KEY_UISupportedInterfaceOrientations_iPad = "UIInterfaceOrientationPortrait UIInterfaceOrientationPortraitUpsideDown UIInterfaceOrientationLandscapeLeft UIInterfaceOrientationLandscapeRight";
				INFOPLIST_KEY_UISupportedInterfaceOrientations_iPhone = "UIInterfaceOrientationPortrait UIInterfaceOrientationLandscapeLeft UIInterfaceOrientationLandscapeRight";
				LD_RUNPATH_SEARCH_PATHS = (
					"$(inherited)",
					"@executable_path/Frameworks",
				);
				MARKETING_VERSION = 1.0;
				PRODUCT_BUNDLE_IDENTIFIER = com.MindyDouglas.SolarSystem;
				PRODUCT_NAME = "$(TARGET_NAME)";
				SWIFT_EMIT_LOC_STRINGS = YES;
				SWIFT_VERSION = 5.0;
				TARGETED_DEVICE_FAMILY = "1,2";
			};
			name = Debug;
		};
		7228F802281AEBDF007ECC4A /* Release */ = {
			isa = XCBuildConfiguration;
			buildSettings = {
				ASSETCATALOG_COMPILER_APPICON_NAME = AppIcon;
				ASSETCATALOG_COMPILER_GLOBAL_ACCENT_COLOR_NAME = AccentColor;
				CODE_SIGN_STYLE = Automatic;
				CURRENT_PROJECT_VERSION = 1;
				DEVELOPMENT_TEAM = 7VYP542ZRX;
				GENERATE_INFOPLIST_FILE = YES;
				INFOPLIST_FILE = SolarSystem/Info.plist;
				INFOPLIST_KEY_UIApplicationSupportsIndirectInputEvents = YES;
				INFOPLIST_KEY_UILaunchStoryboardName = LaunchScreen;
				INFOPLIST_KEY_UIMainStoryboardFile = Main;
				INFOPLIST_KEY_UISupportedInterfaceOrientations_iPad = "UIInterfaceOrientationPortrait UIInterfaceOrientationPortraitUpsideDown UIInterfaceOrientationLandscapeLeft UIInterfaceOrientationLandscapeRight";
				INFOPLIST_KEY_UISupportedInterfaceOrientations_iPhone = "UIInterfaceOrientationPortrait UIInterfaceOrientationLandscapeLeft UIInterfaceOrientationLandscapeRight";
				LD_RUNPATH_SEARCH_PATHS = (
					"$(inherited)",
					"@executable_path/Frameworks",
				);
				MARKETING_VERSION = 1.0;
				PRODUCT_BUNDLE_IDENTIFIER = com.MindyDouglas.SolarSystem;
				PRODUCT_NAME = "$(TARGET_NAME)";
				SWIFT_EMIT_LOC_STRINGS = YES;
				SWIFT_VERSION = 5.0;
				TARGETED_DEVICE_FAMILY = "1,2";
			};
			name = Release;
		};
/* End XCBuildConfiguration section */

/* Begin XCConfigurationList section */
		7228F7E7281AEBDD007ECC4A /* Build configuration list for PBXProject "SolarSystem" */ = {
			isa = XCConfigurationList;
			buildConfigurations = (
				7228F7FE281AEBDF007ECC4A /* Debug */,
				7228F7FF281AEBDF007ECC4A /* Release */,
			);
			defaultConfigurationIsVisible = 0;
			defaultConfigurationName = Release;
		};
		7228F800281AEBDF007ECC4A /* Build configuration list for PBXNativeTarget "SolarSystem" */ = {
			isa = XCConfigurationList;
			buildConfigurations = (
				7228F801281AEBDF007ECC4A /* Debug */,
				7228F802281AEBDF007ECC4A /* Release */,
			);
			defaultConfigurationIsVisible = 0;
			defaultConfigurationName = Release;
		};
/* End XCConfigurationList section */
	};
	rootObject = 7228F7E4281AEBDD007ECC4A /* Project object */;
}
